// !$*UTF8*$!
{
	archiveVersion = 1;
	classes = {
	};
	objectVersion = 77;
	objects = {

/* Begin PBXContainerItemProxy section */
		9A60DE6F2DD2EE19007AC9DB /* PBXContainerItemProxy */ = {
			isa = PBXContainerItemProxy;
			containerPortal = 9A60DE562DD2EE16007AC9DB /* Project object */;
			proxyType = 1;
			remoteGlobalIDString = 9A60DE5D2DD2EE16007AC9DB;
			remoteInfo = GuidebookApp;
		};
		9A60DE792DD2EE19007AC9DB /* PBXContainerItemProxy */ = {
			isa = PBXContainerItemProxy;
			containerPortal = 9A60DE562DD2EE16007AC9DB /* Project object */;
			proxyType = 1;
			remoteGlobalIDString = 9A60DE5D2DD2EE16007AC9DB;
			remoteInfo = GuidebookApp;
		};
/* End PBXContainerItemProxy section */

/* Begin PBXFileReference section */
		9A60DE5E2DD2EE16007AC9DB /* GuidebookApp.app */ = {isa = PBXFileReference; explicitFileType = wrapper.application; includeInIndex = 0; path = GuidebookApp.app; sourceTree = BUILT_PRODUCTS_DIR; };
		9A60DE6E2DD2EE19007AC9DB /* GuidebookAppTests.xctest */ = {isa = PBXFileReference; explicitFileType = wrapper.cfbundle; includeInIndex = 0; path = GuidebookAppTests.xctest; sourceTree = BUILT_PRODUCTS_DIR; };
		9A60DE782DD2EE19007AC9DB /* GuidebookAppUITests.xctest */ = {isa = PBXFileReference; explicitFileType = wrapper.cfbundle; includeInIndex = 0; path = GuidebookAppUITests.xctest; sourceTree = BUILT_PRODUCTS_DIR; };
/* End PBXFileReference section */

/* Begin PBXFileSystemSynchronizedRootGroup section */
		9A60DE602DD2EE16007AC9DB /* GuidebookApp */ = {
			isa = PBXFileSystemSynchronizedRootGroup;
			path = GuidebookApp;
			sourceTree = "<group>";
		};
		9A60DE712DD2EE19007AC9DB /* GuidebookAppTests */ = {
			isa = PBXFileSystemSynchronizedRootGroup;
			path = GuidebookAppTests;
			sourceTree = "<group>";
		};
		9A60DE7B2DD2EE19007AC9DB /* GuidebookAppUITests */ = {
			isa = PBXFileSystemSynchronizedRootGroup;
			path = GuidebookAppUITests;
			sourceTree = "<group>";
		};
/* End PBXFileSystemSynchronizedRootGroup section */

/* Begin PBXFrameworksBuildPhase section */
		9A60DE5B2DD2EE16007AC9DB /* Frameworks */ = {
			isa = PBXFrameworksBuildPhase;
			buildActionMask = 2147483647;
			files = (
			);
			runOnlyForDeploymentPostprocessing = 0;
		};
		9A60DE6B2DD2EE19007AC9DB /* Frameworks */ = {
			isa = PBXFrameworksBuildPhase;
			buildActionMask = 2147483647;
			files = (
			);
			runOnlyForDeploymentPostprocessing = 0;
		};
		9A60DE752DD2EE19007AC9DB /* Frameworks */ = {
			isa = PBXFrameworksBuildPhase;
			buildActionMask = 2147483647;
			files = (
			);
			runOnlyForDeploymentPostprocessing = 0;
		};
/* End PBXFrameworksBuildPhase section */

/* Begin PBXGroup section */
		9A60DE552DD2EE16007AC9DB = {
			isa = PBXGroup;
			children = (
				9A60DE602DD2EE16007AC9DB /* GuidebookApp */,
				9A60DE712DD2EE19007AC9DB /* GuidebookAppTests */,
				9A60DE7B2DD2EE19007AC9DB /* GuidebookAppUITests */,
				9A60DE5F2DD2EE16007AC9DB /* Products */,
			);
			sourceTree = "<group>";
		};
		9A60DE5F2DD2EE16007AC9DB /* Products */ = {
			isa = PBXGroup;
			children = (
				9A60DE5E2DD2EE16007AC9DB /* GuidebookApp.app */,
				9A60DE6E2DD2EE19007AC9DB /* GuidebookAppTests.xctest */,
				9A60DE782DD2EE19007AC9DB /* GuidebookAppUITests.xctest */,
			);
			name = Products;
			sourceTree = "<group>";
		};
/* End PBXGroup section */

/* Begin PBXNativeTarget section */
		9A60DE5D2DD2EE16007AC9DB /* GuidebookApp */ = {
			isa = PBXNativeTarget;
			buildConfigurationList = 9A60DE822DD2EE19007AC9DB /* Build configuration list for PBXNativeTarget "GuidebookApp" */;
			buildPhases = (
				9A60DE5A2DD2EE16007AC9DB /* Sources */,
				9A60DE5B2DD2EE16007AC9DB /* Frameworks */,
				9A60DE5C2DD2EE16007AC9DB /* Resources */,
			);
			buildRules = (
			);
			dependencies = (
			);
			fileSystemSynchronizedGroups = (
				9A60DE602DD2EE16007AC9DB /* GuidebookApp */,
			);
			name = GuidebookApp;
			packageProductDependencies = (
			);
			productName = GuidebookApp;
			productReference = 9A60DE5E2DD2EE16007AC9DB /* GuidebookApp.app */;
			productType = "com.apple.product-type.application";
		};
		9A60DE6D2DD2EE19007AC9DB /* GuidebookAppTests */ = {
			isa = PBXNativeTarget;
			buildConfigurationList = 9A60DE852DD2EE19007AC9DB /* Build configuration list for PBXNativeTarget "GuidebookAppTests" */;
			buildPhases = (
				9A60DE6A2DD2EE19007AC9DB /* Sources */,
				9A60DE6B2DD2EE19007AC9DB /* Frameworks */,
				9A60DE6C2DD2EE19007AC9DB /* Resources */,
			);
			buildRules = (
			);
			dependencies = (
				9A60DE702DD2EE19007AC9DB /* PBXTargetDependency */,
			);
			fileSystemSynchronizedGroups = (
				9A60DE712DD2EE19007AC9DB /* GuidebookAppTests */,
			);
			name = GuidebookAppTests;
			packageProductDependencies = (
			);
			productName = GuidebookAppTests;
			productReference = 9A60DE6E2DD2EE19007AC9DB /* GuidebookAppTests.xctest */;
			productType = "com.apple.product-type.bundle.unit-test";
		};
		9A60DE772DD2EE19007AC9DB /* GuidebookAppUITests */ = {
			isa = PBXNativeTarget;
			buildConfigurationList = 9A60DE882DD2EE19007AC9DB /* Build configuration list for PBXNativeTarget "GuidebookAppUITests" */;
			buildPhases = (
				9A60DE742DD2EE19007AC9DB /* Sources */,
				9A60DE752DD2EE19007AC9DB /* Frameworks */,
				9A60DE762DD2EE19007AC9DB /* Resources */,
			);
			buildRules = (
			);
			dependencies = (
				9A60DE7A2DD2EE19007AC9DB /* PBXTargetDependency */,
			);
			fileSystemSynchronizedGroups = (
				9A60DE7B2DD2EE19007AC9DB /* GuidebookAppUITests */,
			);
			name = GuidebookAppUITests;
			packageProductDependencies = (
			);
			productName = GuidebookAppUITests;
			productReference = 9A60DE782DD2EE19007AC9DB /* GuidebookAppUITests.xctest */;
			productType = "com.apple.product-type.bundle.ui-testing";
		};
/* End PBXNativeTarget section */

/* Begin PBXProject section */
		9A60DE562DD2EE16007AC9DB /* Project object */ = {
			isa = PBXProject;
			attributes = {
				BuildIndependentTargetsInParallel = 1;
				LastSwiftUpdateCheck = 1620;
				LastUpgradeCheck = 1620;
				TargetAttributes = {
					9A60DE5D2DD2EE16007AC9DB = {
						CreatedOnToolsVersion = 16.2;
					};
					9A60DE6D2DD2EE19007AC9DB = {
						CreatedOnToolsVersion = 16.2;
						TestTargetID = 9A60DE5D2DD2EE16007AC9DB;
					};
					9A60DE772DD2EE19007AC9DB = {
						CreatedOnToolsVersion = 16.2;
						TestTargetID = 9A60DE5D2DD2EE16007AC9DB;
					};
				};
			};
			buildConfigurationList = 9A60DE592DD2EE16007AC9DB /* Build configuration list for PBXProject "GuidebookApp" */;
			developmentRegion = en;
			hasScannedForEncodings = 0;
			knownRegions = (
				en,
				Base,
			);
			mainGroup = 9A60DE552DD2EE16007AC9DB;
			minimizedProjectReferenceProxies = 1;
			preferredProjectObjectVersion = 77;
			productRefGroup = 9A60DE5F2DD2EE16007AC9DB /* Products */;
			projectDirPath = "";
			projectRoot = "";
			targets = (
				9A60DE5D2DD2EE16007AC9DB /* GuidebookApp */,
				9A60DE6D2DD2EE19007AC9DB /* GuidebookAppTests */,
				9A60DE772DD2EE19007AC9DB /* GuidebookAppUITests */,
			);
		};
/* End PBXProject section */

/* Begin PBXResourcesBuildPhase section */
		9A60DE5C2DD2EE16007AC9DB /* Resources */ = {
			isa = PBXResourcesBuildPhase;
			buildActionMask = 2147483647;
			files = (
			);
			runOnlyForDeploymentPostprocessing = 0;
		};
		9A60DE6C2DD2EE19007AC9DB /* Resources */ = {
			isa = PBXResourcesBuildPhase;
			buildActionMask = 2147483647;
			files = (
			);
			runOnlyForDeploymentPostprocessing = 0;
		};
		9A60DE762DD2EE19007AC9DB /* Resources */ = {
			isa = PBXResourcesBuildPhase;
			buildActionMask = 2147483647;
			files = (
			);
			runOnlyForDeploymentPostprocessing = 0;
		};
/* End PBXResourcesBuildPhase section */

/* Begin PBXSourcesBuildPhase section */
		9A60DE5A2DD2EE16007AC9DB /* Sources */ = {
			isa = PBXSourcesBuildPhase;
			buildActionMask = 2147483647;
			files = (
			);
			runOnlyForDeploymentPostprocessing = 0;
		};
		9A60DE6A2DD2EE19007AC9DB /* Sources */ = {
			isa = PBXSourcesBuildPhase;
			buildActionMask = 2147483647;
			files = (
			);
			runOnlyForDeploymentPostprocessing = 0;
		};
		9A60DE742DD2EE19007AC9DB /* Sources */ = {
			isa = PBXSourcesBuildPhase;
			buildActionMask = 2147483647;
			files = (
			);
			runOnlyForDeploymentPostprocessing = 0;
		};
/* End PBXSourcesBuildPhase section */

/* Begin PBXTargetDependency section */
		9A60DE702DD2EE19007AC9DB /* PBXTargetDependency */ = {
			isa = PBXTargetDependency;
			target = 9A60DE5D2DD2EE16007AC9DB /* GuidebookApp */;
			targetProxy = 9A60DE6F2DD2EE19007AC9DB /* PBXContainerItemProxy */;
		};
		9A60DE7A2DD2EE19007AC9DB /* PBXTargetDependency */ = {
			isa = PBXTargetDependency;
			target = 9A60DE5D2DD2EE16007AC9DB /* GuidebookApp */;
			targetProxy = 9A60DE792DD2EE19007AC9DB /* PBXContainerItemProxy */;
		};
/* End PBXTargetDependency section */

/* Begin XCBuildConfiguration section */
		9A60DE802DD2EE19007AC9DB /* Debug */ = {
			isa = XCBuildConfiguration;
			buildSettings = {
				ALWAYS_SEARCH_USER_PATHS = NO;
				ASSETCATALOG_COMPILER_GENERATE_SWIFT_ASSET_SYMBOL_EXTENSIONS = YES;
				CLANG_ANALYZER_NONNULL = YES;
				CLANG_ANALYZER_NUMBER_OBJECT_CONVERSION = YES_AGGRESSIVE;
				CLANG_CXX_LANGUAGE_STANDARD = "gnu++20";
				CLANG_ENABLE_MODULES = YES;
				CLANG_ENABLE_OBJC_ARC = YES;
				CLANG_ENABLE_OBJC_WEAK = YES;
				CLANG_WARN_BLOCK_CAPTURE_AUTORELEASING = YES;
				CLANG_WARN_BOOL_CONVERSION = YES;
				CLANG_WARN_COMMA = YES;
				CLANG_WARN_CONSTANT_CONVERSION = YES;
				CLANG_WARN_DEPRECATED_OBJC_IMPLEMENTATIONS = YES;
				CLANG_WARN_DIRECT_OBJC_ISA_USAGE = YES_ERROR;
				CLANG_WARN_DOCUMENTATION_COMMENTS = YES;
				CLANG_WARN_EMPTY_BODY = YES;
				CLANG_WARN_ENUM_CONVERSION = YES;
				CLANG_WARN_INFINITE_RECURSION = YES;
				CLANG_WARN_INT_CONVERSION = YES;
				CLANG_WARN_NON_LITERAL_NULL_CONVERSION = YES;
				CLANG_WARN_OBJC_IMPLICIT_RETAIN_SELF = YES;
				CLANG_WARN_OBJC_LITERAL_CONVERSION = YES;
				CLANG_WARN_OBJC_ROOT_CLASS = YES_ERROR;
				CLANG_WARN_QUOTED_INCLUDE_IN_FRAMEWORK_HEADER = YES;
				CLANG_WARN_RANGE_LOOP_ANALYSIS = YES;
				CLANG_WARN_STRICT_PROTOTYPES = YES;
				CLANG_WARN_SUSPICIOUS_MOVE = YES;
				CLANG_WARN_UNGUARDED_AVAILABILITY = YES_AGGRESSIVE;
				CLANG_WARN_UNREACHABLE_CODE = YES;
				CLANG_WARN__DUPLICATE_METHOD_MATCH = YES;
				COPY_PHASE_STRIP = NO;
				DEBUG_INFORMATION_FORMAT = dwarf;
				ENABLE_STRICT_OBJC_MSGSEND = YES;
				ENABLE_TESTABILITY = YES;
				ENABLE_USER_SCRIPT_SANDBOXING = YES;
				GCC_C_LANGUAGE_STANDARD = gnu17;
				GCC_DYNAMIC_NO_PIC = NO;
				GCC_NO_COMMON_BLOCKS = YES;
				GCC_OPTIMIZATION_LEVEL = 0;
				GCC_PREPROCESSOR_DEFINITIONS = (
					"DEBUG=1",
					"$(inherited)",
				);
				GCC_WARN_64_TO_32_BIT_CONVERSION = YES;
				GCC_WARN_ABOUT_RETURN_TYPE = YES_ERROR;
				GCC_WARN_UNDECLARED_SELECTOR = YES;
				GCC_WARN_UNINITIALIZED_AUTOS = YES_AGGRESSIVE;
				GCC_WARN_UNUSED_FUNCTION = YES;
				GCC_WARN_UNUSED_VARIABLE = YES;
				IPHONEOS_DEPLOYMENT_TARGET = 18.2;
				LOCALIZATION_PREFERS_STRING_CATALOGS = YES;
				MTL_ENABLE_DEBUG_INFO = INCLUDE_SOURCE;
				MTL_FAST_MATH = YES;
				ONLY_ACTIVE_ARCH = YES;
				SDKROOT = iphoneos;
				SWIFT_ACTIVE_COMPILATION_CONDITIONS = "DEBUG $(inherited)";
				SWIFT_OPTIMIZATION_LEVEL = "-Onone";
			};
			name = Debug;
		};
		9A60DE812DD2EE19007AC9DB /* Release */ = {
			isa = XCBuildConfiguration;
			buildSettings = {
				ALWAYS_SEARCH_USER_PATHS = NO;
				ASSETCATALOG_COMPILER_GENERATE_SWIFT_ASSET_SYMBOL_EXTENSIONS = YES;
				CLANG_ANALYZER_NONNULL = YES;
				CLANG_ANALYZER_NUMBER_OBJECT_CONVERSION = YES_AGGRESSIVE;
				CLANG_CXX_LANGUAGE_STANDARD = "gnu++20";
				CLANG_ENABLE_MODULES = YES;
				CLANG_ENABLE_OBJC_ARC = YES;
				CLANG_ENABLE_OBJC_WEAK = YES;
				CLANG_WARN_BLOCK_CAPTURE_AUTORELEASING = YES;
				CLANG_WARN_BOOL_CONVERSION = YES;
				CLANG_WARN_COMMA = YES;
				CLANG_WARN_CONSTANT_CONVERSION = YES;
				CLANG_WARN_DEPRECATED_OBJC_IMPLEMENTATIONS = YES;
				CLANG_WARN_DIRECT_OBJC_ISA_USAGE = YES_ERROR;
				CLANG_WARN_DOCUMENTATION_COMMENTS = YES;
				CLANG_WARN_EMPTY_BODY = YES;
				CLANG_WARN_ENUM_CONVERSION = YES;
				CLANG_WARN_INFINITE_RECURSION = YES;
				CLANG_WARN_INT_CONVERSION = YES;
				CLANG_WARN_NON_LITERAL_NULL_CONVERSION = YES;
				CLANG_WARN_OBJC_IMPLICIT_RETAIN_SELF = YES;
				CLANG_WARN_OBJC_LITERAL_CONVERSION = YES;
				CLANG_WARN_OBJC_ROOT_CLASS = YES_ERROR;
				CLANG_WARN_QUOTED_INCLUDE_IN_FRAMEWORK_HEADER = YES;
				CLANG_WARN_RANGE_LOOP_ANALYSIS = YES;
				CLANG_WARN_STRICT_PROTOTYPES = YES;
				CLANG_WARN_SUSPICIOUS_MOVE = YES;
				CLANG_WARN_UNGUARDED_AVAILABILITY = YES_AGGRESSIVE;
				CLANG_WARN_UNREACHABLE_CODE = YES;
				CLANG_WARN__DUPLICATE_METHOD_MATCH = YES;
				COPY_PHASE_STRIP = NO;
				DEBUG_INFORMATION_FORMAT = "dwarf-with-dsym";
				ENABLE_NS_ASSERTIONS = NO;
				ENABLE_STRICT_OBJC_MSGSEND = YES;
				ENABLE_USER_SCRIPT_SANDBOXING = YES;
				GCC_C_LANGUAGE_STANDARD = gnu17;
				GCC_NO_COMMON_BLOCKS = YES;
				GCC_WARN_64_TO_32_BIT_CONVERSION = YES;
				GCC_WARN_ABOUT_RETURN_TYPE = YES_ERROR;
				GCC_WARN_UNDECLARED_SELECTOR = YES;
				GCC_WARN_UNINITIALIZED_AUTOS = YES_AGGRESSIVE;
				GCC_WARN_UNUSED_FUNCTION = YES;
				GCC_WARN_UNUSED_VARIABLE = YES;
				IPHONEOS_DEPLOYMENT_TARGET = 18.2;
				LOCALIZATION_PREFERS_STRING_CATALOGS = YES;
				MTL_ENABLE_DEBUG_INFO = NO;
				MTL_FAST_MATH = YES;
				SDKROOT = iphoneos;
				SWIFT_COMPILATION_MODE = wholemodule;
				VALIDATE_PRODUCT = YES;
			};
			name = Release;
		};
		9A60DE832DD2EE19007AC9DB /* Debug */ = {
			isa = XCBuildConfiguration;
			buildSettings = {
				ASSETCATALOG_COMPILER_APPICON_NAME = AppIcon;
				ASSETCATALOG_COMPILER_GLOBAL_ACCENT_COLOR_NAME = AccentColor;
				CODE_SIGN_STYLE = Automatic;
				CURRENT_PROJECT_VERSION = 1;
				DEVELOPMENT_ASSET_PATHS = "\"GuidebookApp/Preview Content\"";
				ENABLE_PREVIEWS = YES;
				GENERATE_INFOPLIST_FILE = YES;
				INFOPLIST_KEY_UIApplicationSceneManifest_Generation = YES;
				INFOPLIST_KEY_UIApplicationSupportsIndirectInputEvents = YES;
				INFOPLIST_KEY_UILaunchScreen_Generation = YES;
				INFOPLIST_KEY_UISupportedInterfaceOrientations_iPad = "UIInterfaceOrientationPortrait UIInterfaceOrientationPortraitUpsideDown UIInterfaceOrientationLandscapeLeft UIInterfaceOrientationLandscapeRight";
				INFOPLIST_KEY_UISupportedInterfaceOrientations_iPhone = "UIInterfaceOrientationPortrait UIInterfaceOrientationLandscapeLeft UIInterfaceOrientationLandscapeRight";
				LD_RUNPATH_SEARCH_PATHS = (
					"$(inherited)",
					"@executable_path/Frameworks",
				);
				MARKETING_VERSION = 1.0;
				PRODUCT_BUNDLE_IDENTIFIER = com.codingwithjonathan.GuidebookApp;
				PRODUCT_NAME = "$(TARGET_NAME)";
				SWIFT_EMIT_LOC_STRINGS = YES;
				SWIFT_VERSION = 5.0;
				TARGETED_DEVICE_FAMILY = "1,2";
			};
			name = Debug;
		};
		9A60DE842DD2EE19007AC9DB /* Release */ = {
			isa = XCBuildConfiguration;
			buildSettings = {
				ASSETCATALOG_COMPILER_APPICON_NAME = AppIcon;
				ASSETCATALOG_COMPILER_GLOBAL_ACCENT_COLOR_NAME = AccentColor;
				CODE_SIGN_STYLE = Automatic;
				CURRENT_PROJECT_VERSION = 1;
				DEVELOPMENT_ASSET_PATHS = "\"GuidebookApp/Preview Content\"";
				ENABLE_PREVIEWS = YES;
				GENERATE_INFOPLIST_FILE = YES;
				INFOPLIST_KEY_UIApplicationSceneManifest_Generation = YES;
				INFOPLIST_KEY_UIApplicationSupportsIndirectInputEvents = YES;
				INFOPLIST_KEY_UILaunchScreen_Generation = YES;
				INFOPLIST_KEY_UISupportedInterfaceOrientations_iPad = "UIInterfaceOrientationPortrait UIInterfaceOrientationPortraitUpsideDown UIInterfaceOrientationLandscapeLeft UIInterfaceOrientationLandscapeRight";
				INFOPLIST_KEY_UISupportedInterfaceOrientations_iPhone = "UIInterfaceOrientationPortrait UIInterfaceOrientationLandscapeLeft UIInterfaceOrientationLandscapeRight";
				LD_RUNPATH_SEARCH_PATHS = (
					"$(inherited)",
					"@executable_path/Frameworks",
				);
				MARKETING_VERSION = 1.0;
				PRODUCT_BUNDLE_IDENTIFIER = com.codingwithjonathan.GuidebookApp;
				PRODUCT_NAME = "$(TARGET_NAME)";
				SWIFT_EMIT_LOC_STRINGS = YES;
				SWIFT_VERSION = 5.0;
				TARGETED_DEVICE_FAMILY = "1,2";
			};
			name = Release;
		};
		9A60DE862DD2EE19007AC9DB /* Debug */ = {
			isa = XCBuildConfiguration;
			buildSettings = {
				BUNDLE_LOADER = "$(TEST_HOST)";
				CODE_SIGN_STYLE = Automatic;
				CURRENT_PROJECT_VERSION = 1;
				GENERATE_INFOPLIST_FILE = YES;
				IPHONEOS_DEPLOYMENT_TARGET = 18.2;
				MARKETING_VERSION = 1.0;
				PRODUCT_BUNDLE_IDENTIFIER = com.codingwithjonathan.GuidebookAppTests;
				PRODUCT_NAME = "$(TARGET_NAME)";
				SWIFT_EMIT_LOC_STRINGS = NO;
				SWIFT_VERSION = 5.0;
				TARGETED_DEVICE_FAMILY = "1,2";
				TEST_HOST = "$(BUILT_PRODUCTS_DIR)/GuidebookApp.app/$(BUNDLE_EXECUTABLE_FOLDER_PATH)/GuidebookApp";
			};
			name = Debug;
		};
		9A60DE872DD2EE19007AC9DB /* Release */ = {
			isa = XCBuildConfiguration;
			buildSettings = {
				BUNDLE_LOADER = "$(TEST_HOST)";
				CODE_SIGN_STYLE = Automatic;
				CURRENT_PROJECT_VERSION = 1;
				GENERATE_INFOPLIST_FILE = YES;
				IPHONEOS_DEPLOYMENT_TARGET = 18.2;
				MARKETING_VERSION = 1.0;
				PRODUCT_BUNDLE_IDENTIFIER = com.codingwithjonathan.GuidebookAppTests;
				PRODUCT_NAME = "$(TARGET_NAME)";
				SWIFT_EMIT_LOC_STRINGS = NO;
				SWIFT_VERSION = 5.0;
				TARGETED_DEVICE_FAMILY = "1,2";
				TEST_HOST = "$(BUILT_PRODUCTS_DIR)/GuidebookApp.app/$(BUNDLE_EXECUTABLE_FOLDER_PATH)/GuidebookApp";
			};
			name = Release;
		};
		9A60DE892DD2EE19007AC9DB /* Debug */ = {
			isa = XCBuildConfiguration;
			buildSettings = {
				CODE_SIGN_STYLE = Automatic;
				CURRENT_PROJECT_VERSION = 1;
				GENERATE_INFOPLIST_FILE = YES;
				MARKETING_VERSION = 1.0;
				PRODUCT_BUNDLE_IDENTIFIER = com.codingwithjonathan.GuidebookAppUITests;
				PRODUCT_NAME = "$(TARGET_NAME)";
				SWIFT_EMIT_LOC_STRINGS = NO;
				SWIFT_VERSION = 5.0;
				TARGETED_DEVICE_FAMILY = "1,2";
				TEST_TARGET_NAME = GuidebookApp;
			};
			name = Debug;
		};
		9A60DE8A2DD2EE19007AC9DB /* Release */ = {
			isa = XCBuildConfiguration;
			buildSettings = {
				CODE_SIGN_STYLE = Automatic;
				CURRENT_PROJECT_VERSION = 1;
				GENERATE_INFOPLIST_FILE = YES;
				MARKETING_VERSION = 1.0;
				PRODUCT_BUNDLE_IDENTIFIER = com.codingwithjonathan.GuidebookAppUITests;
				PRODUCT_NAME = "$(TARGET_NAME)";
				SWIFT_EMIT_LOC_STRINGS = NO;
				SWIFT_VERSION = 5.0;
				TARGETED_DEVICE_FAMILY = "1,2";
				TEST_TARGET_NAME = GuidebookApp;
			};
			name = Release;
		};
/* End XCBuildConfiguration section */

/* Begin XCConfigurationList section */
		9A60DE592DD2EE16007AC9DB /* Build configuration list for PBXProject "GuidebookApp" */ = {
			isa = XCConfigurationList;
			buildConfigurations = (
				9A60DE802DD2EE19007AC9DB /* Debug */,
				9A60DE812DD2EE19007AC9DB /* Release */,
			);
			defaultConfigurationIsVisible = 0;
			defaultConfigurationName = Release;
		};
		9A60DE822DD2EE19007AC9DB /* Build configuration list for PBXNativeTarget "GuidebookApp" */ = {
			isa = XCConfigurationList;
			buildConfigurations = (
				9A60DE832DD2EE19007AC9DB /* Debug */,
				9A60DE842DD2EE19007AC9DB /* Release */,
			);
			defaultConfigurationIsVisible = 0;
			defaultConfigurationName = Release;
		};
		9A60DE852DD2EE19007AC9DB /* Build configuration list for PBXNativeTarget "GuidebookAppTests" */ = {
			isa = XCConfigurationList;
			buildConfigurations = (
				9A60DE862DD2EE19007AC9DB /* Debug */,
				9A60DE872DD2EE19007AC9DB /* Release */,
			);
			defaultConfigurationIsVisible = 0;
			defaultConfigurationName = Release;
		};
		9A60DE882DD2EE19007AC9DB /* Build configuration list for PBXNativeTarget "GuidebookAppUITests" */ = {
			isa = XCConfigurationList;
			buildConfigurations = (
				9A60DE892DD2EE19007AC9DB /* Debug */,
				9A60DE8A2DD2EE19007AC9DB /* Release */,
			);
			defaultConfigurationIsVisible = 0;
			defaultConfigurationName = Release;
		};
/* End XCConfigurationList section */
	};
	rootObject = 9A60DE562DD2EE16007AC9DB /* Project object */;
}
